
Microsoft Visual Studio Solution File, Format Version 12.00
# Visual Studio 15
VisualStudioVersion = 15.0.27130.2026
MinimumVisualStudioVersion = 10.0.40219.1
Project("{9A19103F-16F7-4668-BE54-9A1E7A4F7556}") = "SD.Tools.Algorithmia", "SD.Tools.Algorithmia\SD.Tools.Algorithmia.csproj", "{46A021F5-5EB9-42B2-9334-724870C4BE45}"
EndProject
Project("{FAE04EC0-301F-11D3-BF4B-00C04F79EFBC}") = "SD.Tools.Algorithmia.Tests", "SD.Tools.Algorithmia.Tests\SD.Tools.Algorithmia.Tests.csproj", "{35EA3655-5477-4C57-8783-AE26F15C5086}"
EndProject
Global
	GlobalSection(SolutionConfigurationPlatforms) = preSolution
		Debug|Any CPU = Debug|Any CPU
		Release|Any CPU = Release|Any CPU
	EndGlobalSection
	GlobalSection(ProjectConfigurationPlatforms) = postSolution
		{46A021F5-5EB9-42B2-9334-724870C4BE45}.Debug|Any CPU.ActiveCfg = Debug|Any CPU
		{46A021F5-5EB9-42B2-9334-724870C4BE45}.Debug|Any CPU.Build.0 = Debug|Any CPU
		{46A021F5-5EB9-42B2-9334-724870C4BE45}.Release|Any CPU.ActiveCfg = Release|Any CPU
		{46A021F5-5EB9-42B2-9334-724870C4BE45}.Release|Any CPU.Build.0 = Release|Any CPU
		{35EA3655-5477-4C57-8783-AE26F15C5086}.Debug|Any CPU.ActiveCfg = Debug|Any CPU
		{35EA3655-5477-4C57-8783-AE26F15C5086}.Debug|Any CPU.Build.0 = Debug|Any CPU
		{35EA3655-5477-4C57-8783-AE26F15C5086}.Release|Any CPU.ActiveCfg = Release|Any CPU
		{35EA3655-5477-4C57-8783-AE26F15C5086}.Release|Any CPU.Build.0 = Release|Any CPU
	EndGlobalSection
	GlobalSection(SolutionProperties) = preSolution
		HideSolutionNode = FALSE
	EndGlobalSection
	GlobalSection(ExtensibilityGlobals) = postSolution
		SolutionGuid = {21A51D7C-C6E9-40E5-8D84-DE712931675A}
	EndGlobalSection
EndGlobal
